{
  "name": "slrun",
  "version": "1.0.0",
  "lockfileVersion": 1,
  "requires": true,
  "dependencies": {
    "ast-module-types": {
      "version": "2.3.2",
      "resolved": "https://registry.npmjs.org/ast-module-types/-/ast-module-types-2.3.2.tgz",
      "integrity": "sha1-S7HeLXKWeIJEKeIqYo0D6H30rRE="
    },
    "babel-runtime": {
      "version": "6.26.0",
      "resolved": "https://registry.npmjs.org/babel-runtime/-/babel-runtime-6.26.0.tgz",
      "integrity": "sha1-llxwWGaOgrVde/4E/yM3vItWR/4=",
      "requires": {
        "core-js": "2.5.1",
        "regenerator-runtime": "0.11.0"
      }
    },
    "babylon": {
      "version": "6.18.0",
      "resolved": "https://registry.npmjs.org/babylon/-/babylon-6.18.0.tgz",
      "integrity": "sha512-q/UEjfGJ2Cm3oKV71DJz9d25TPnq5rhBVL2Q4fA5wcC3jcrdn7+SssEybFIxwAvvP+YCsCYNKughoF33GxgycQ=="
    },
    "builtin-modules": {
      "version": "1.1.1",
      "resolved": "https://registry.npmjs.org/builtin-modules/-/builtin-modules-1.1.1.tgz",
      "integrity": "sha1-Jw8HbFpywC9bZaR9+Uxf46J4iS8="
    },
    "childprocess-helper": {
      "version": "0.1.1",
      "resolved": "https://registry.npmjs.org/childprocess-helper/-/childprocess-helper-0.1.1.tgz",
      "integrity": "sha512-zNCvbNiSPueKG4dqwdajn7Zdc2RV4MUzWUvoSmcp/XgaYdbna0HXLRSF/sBmRCWqfYM9Im0PV1oDAoWVxet9iQ==",
      "requires": {
        "cross-spawn": "5.1.0"
      }
    },
    "commander": {
      "version": "2.11.0",
      "resolved": "https://registry.npmjs.org/commander/-/commander-2.11.0.tgz",
      "integrity": "sha512-b0553uYA5YAEGgyYIGYROzKQ7X5RAqedkfjiZxwi0kL1g3bOaBNNZfYkzt/CL0umgD5wc9Jec2FbB98CjkMRvQ=="
    },
    "core-js": {
      "version": "2.5.1",
      "resolved": "https://registry.npmjs.org/core-js/-/core-js-2.5.1.tgz",
      "integrity": "sha1-rmh03GaTd4m4B1T/VCjfZoGcpQs="
    },
    "cross-spawn": {
      "version": "5.1.0",
      "resolved": "https://registry.npmjs.org/cross-spawn/-/cross-spawn-5.1.0.tgz",
      "integrity": "sha1-6L0O/uWPz/b4+UUQoKVUu/ojVEk=",
      "requires": {
        "lru-cache": "4.1.1",
        "shebang-command": "1.2.0",
        "which": "1.3.0"
      }
    },
    "debug": {
      "version": "3.1.0",
      "resolved": "https://registry.npmjs.org/debug/-/debug-3.1.0.tgz",
      "integrity": "sha512-OX8XqP7/1a9cqkxYw2yXss15f26NKWBpDXQd0/uK/KPqdQhxbPa994hnzjcE2VqQpDslf55723cKPUOGSmMY3g==",
      "requires": {
        "ms": "2.0.0"
      }
    },
    "deep-is": {
      "version": "0.1.3",
      "resolved": "https://registry.npmjs.org/deep-is/-/deep-is-0.1.3.tgz",
      "integrity": "sha1-s2nW+128E+7PUk+RsHD+7cNXzzQ="
    },
    "detective-amd": {
      "version": "2.4.0",
      "resolved": "https://registry.npmjs.org/detective-amd/-/detective-amd-2.4.0.tgz",
      "integrity": "sha1-XrDfTvXBipQDOwfa8TbbzV/HXNU=",
      "requires": {
        "ast-module-types": "2.3.2",
        "escodegen": "1.9.0",
        "get-amd-module-type": "2.0.5",
        "node-source-walk": "3.3.0"
      }
    },
    "detective-cjs": {
      "version": "2.0.0",
      "resolved": "https://registry.npmjs.org/detective-cjs/-/detective-cjs-2.0.0.tgz",
      "integrity": "sha1-3OTJMCzcpS5ri/04d8qT9ixczAM=",
      "requires": {
        "ast-module-types": "2.3.2",
        "node-source-walk": "3.3.0"
      }
    },
    "detective-es6": {
      "version": "1.2.0",
      "resolved": "https://registry.npmjs.org/detective-es6/-/detective-es6-1.2.0.tgz",
      "integrity": "sha1-a5s71Uf9jyH4lQL2JuRe0qMnb9w=",
      "requires": {
        "node-source-walk": "3.3.0"
      }
    },
    "detective-less": {
      "version": "1.0.0",
      "resolved": "https://registry.npmjs.org/detective-less/-/detective-less-1.0.0.tgz",
      "integrity": "sha1-Qmx4yatuMnW/ZsyRq6wAU7tFLX0=",
      "requires": {
        "debug": "2.2.0",
        "gonzales-pe": "3.4.7",
        "node-source-walk": "3.3.0"
      },
      "dependencies": {
        "debug": {
          "version": "2.2.0",
          "resolved": "https://registry.npmjs.org/debug/-/debug-2.2.0.tgz",
          "integrity": "sha1-+HBX6ZWxofauaklgZkE3vFbwOdo=",
          "requires": {
            "ms": "0.7.1"
          }
        },
        "ms": {
          "version": "0.7.1",
          "resolved": "https://registry.npmjs.org/ms/-/ms-0.7.1.tgz",
          "integrity": "sha1-nNE8A62/8ltl7/3nzoZO6VIBcJg="
        }
      }
    },
    "detective-sass": {
      "version": "2.0.1",
      "resolved": "https://registry.npmjs.org/detective-sass/-/detective-sass-2.0.1.tgz",
      "integrity": "sha1-BWYKoblc/Yf1dGQ7+s4+iiaBEqE=",
      "requires": {
        "debug": "3.1.0",
        "gonzales-pe": "3.4.7",
        "node-source-walk": "3.3.0"
      }
    },
    "detective-scss": {
      "version": "1.0.1",
      "resolved": "https://registry.npmjs.org/detective-scss/-/detective-scss-1.0.1.tgz",
      "integrity": "sha1-dDJGoN01jZ2R/0ElQX9qd/vPJw8=",
      "requires": {
        "debug": "3.1.0",
        "gonzales-pe": "3.4.7",
        "node-source-walk": "3.3.0"
      }
    },
    "detective-stylus": {
      "version": "1.0.0",
      "resolved": "https://registry.npmjs.org/detective-stylus/-/detective-stylus-1.0.0.tgz",
      "integrity": "sha1-UK7n24uruZA4HwEMY/q7pbWOVM0="
    },
    "detective-typescript": {
      "version": "1.0.1",
      "resolved": "https://registry.npmjs.org/detective-typescript/-/detective-typescript-1.0.1.tgz",
      "integrity": "sha512-4DZpsap+dVzQblcL/ffVXtaXtA7byrP14XQnvyAvwo8+z7/C0OrwLNQhyiC6cLZlzy2T8QuPc+mDsYsa4lAxHw==",
      "requires": {
        "node-source-walk": "3.2.0",
        "typescript": "2.0.10",
        "typescript-eslint-parser": "1.0.2"
      },
      "dependencies": {
        "babylon": {
          "version": "6.8.4",
          "resolved": "https://registry.npmjs.org/babylon/-/babylon-6.8.4.tgz",
          "integrity": "sha1-CXMGuNq66VFZIlzymz6lWRIFMYA=",
          "requires": {
            "babel-runtime": "6.26.0"
          }
        },
        "node-source-walk": {
          "version": "3.2.0",
          "resolved": "https://registry.npmjs.org/node-source-walk/-/node-source-walk-3.2.0.tgz",
          "integrity": "sha1-PGBcxTq97ktFq2XpR9+x23yQ8OM=",
          "requires": {
            "babylon": "6.8.4"
          }
        }
      }
    },
    "escodegen": {
      "version": "1.9.0",
      "resolved": "https://registry.npmjs.org/escodegen/-/escodegen-1.9.0.tgz",
      "integrity": "sha512-v0MYvNQ32bzwoG2OSFzWAkuahDQHK92JBN0pTAALJ4RIxEZe766QJPDR8Hqy7XNUy5K3fnVL76OqYAdc4TZEIw==",
      "requires": {
        "esprima": "3.1.3",
        "estraverse": "4.2.0",
        "esutils": "2.0.2",
        "optionator": "0.8.2",
        "source-map": "0.5.7"
      }
    },
    "esprima": {
      "version": "3.1.3",
      "resolved": "https://registry.npmjs.org/esprima/-/esprima-3.1.3.tgz",
      "integrity": "sha1-/cpRzuYTOJXjyI1TXOSdv/YqRjM="
    },
    "estraverse": {
      "version": "4.2.0",
      "resolved": "https://registry.npmjs.org/estraverse/-/estraverse-4.2.0.tgz",
      "integrity": "sha1-De4/7TH81GlhjOc0IJn8GvoL2xM="
    },
    "esutils": {
      "version": "2.0.2",
      "resolved": "https://registry.npmjs.org/esutils/-/esutils-2.0.2.tgz",
      "integrity": "sha1-Cr9PHKpbyx96nYrMbepPqqBLrJs="
    },
    "fast-levenshtein": {
      "version": "2.0.6",
      "resolved": "https://registry.npmjs.org/fast-levenshtein/-/fast-levenshtein-2.0.6.tgz",
      "integrity": "sha1-PYpcZog6FqMMqGQ+hR8Zuqd5eRc="
    },
    "fs-extra": {
      "version": "4.0.2",
      "resolved": "https://registry.npmjs.org/fs-extra/-/fs-extra-4.0.2.tgz",
      "integrity": "sha1-+RcExT0bRh+JNFKwwwfZmXZHq2s=",
      "requires": {
        "graceful-fs": "4.1.11",
        "jsonfile": "4.0.0",
        "universalify": "0.1.1"
      }
    },
    "get-amd-module-type": {
      "version": "2.0.5",
      "resolved": "https://registry.npmjs.org/get-amd-module-type/-/get-amd-module-type-2.0.5.tgz",
      "integrity": "sha1-5nHsWpatX79To6IqKJ6SOMdy3bA=",
      "requires": {
        "ast-module-types": "2.3.2",
        "node-source-walk": "3.3.0"
      }
    },
    "gonzales-pe": {
      "version": "3.4.7",
      "resolved": "https://registry.npmjs.org/gonzales-pe/-/gonzales-pe-3.4.7.tgz",
      "integrity": "sha1-F8e+Z61sr/Ynej44esc26YPSgOw=",
      "requires": {
        "minimist": "1.1.3"
      }
    },
    "graceful-fs": {
      "version": "4.1.11",
      "resolved": "https://registry.npmjs.org/graceful-fs/-/graceful-fs-4.1.11.tgz",
      "integrity": "sha1-Dovf5NHduIVNZOBOp8AOKgJuVlg="
    },
    "is-builtin-module": {
      "version": "1.0.0",
      "resolved": "https://registry.npmjs.org/is-builtin-module/-/is-builtin-module-1.0.0.tgz",
      "integrity": "sha1-VAVy0096wxGfj3bDDLwbHgN6/74=",
      "requires": {
        "builtin-modules": "1.1.1"
      }
    },
    "isexe": {
      "version": "2.0.0",
      "resolved": "https://registry.npmjs.org/isexe/-/isexe-2.0.0.tgz",
      "integrity": "sha1-6PvzdNxVb/iUehDcsFctYz8s+hA="
    },
    "json-stringify-pretty-compact": {
      "version": "1.0.4",
      "resolved": "https://registry.npmjs.org/json-stringify-pretty-compact/-/json-stringify-pretty-compact-1.0.4.tgz",
      "integrity": "sha1-1RYRMb4n/ZdIORNgWX/MolDGxc4="
    },
    "jsonfile": {
      "version": "4.0.0",
      "resolved": "https://registry.npmjs.org/jsonfile/-/jsonfile-4.0.0.tgz",
      "integrity": "sha1-h3Gq4HmbZAdrdmQPygWPnBDjPss=",
      "requires": {
        "graceful-fs": "4.1.11"
      }
    },
    "levn": {
      "version": "0.3.0",
      "resolved": "https://registry.npmjs.org/levn/-/levn-0.3.0.tgz",
      "integrity": "sha1-OwmSTt+fCDwEkP3UwLxEIeBHZO4=",
      "requires": {
        "prelude-ls": "1.1.2",
        "type-check": "0.3.2"
      }
    },
    "lodash.tostring": {
      "version": "4.1.4",
      "resolved": "https://registry.npmjs.org/lodash.tostring/-/lodash.tostring-4.1.4.tgz",
      "integrity": "sha1-Vgwn0fjq3eA8LM4Zj+9cAx2CmPs="
    },
    "lodash.unescape": {
      "version": "4.0.0",
      "resolved": "https://registry.npmjs.org/lodash.unescape/-/lodash.unescape-4.0.0.tgz",
      "integrity": "sha1-Nt6/xJK4FHhHHvl0zTeD4gLrbO8=",
      "requires": {
        "lodash.tostring": "4.1.4"
      }
    },
    "lru-cache": {
      "version": "4.1.1",
      "resolved": "https://registry.npmjs.org/lru-cache/-/lru-cache-4.1.1.tgz",
      "integrity": "sha512-q4spe4KTfsAS1SUHLO0wz8Qiyf1+vMIAgpRYioFYDMNqKfHQbg+AVDH3i4fvpl71/P1L0dBl+fQi+P37UYf0ew==",
      "requires": {
        "pseudomap": "1.0.2",
        "yallist": "2.1.2"
      }
    },
    "minimist": {
      "version": "1.1.3",
      "resolved": "https://registry.npmjs.org/minimist/-/minimist-1.1.3.tgz",
      "integrity": "sha1-O+39kaktOQFvz6ocaB6Pqhoe/ag="
    },
    "module-definition": {
      "version": "2.2.4",
      "resolved": "https://registry.npmjs.org/module-definition/-/module-definition-2.2.4.tgz",
      "integrity": "sha1-wKN3HeWM9rzxKu0kdnBsWWrUsss=",
      "requires": {
        "ast-module-types": "2.3.2",
        "node-source-walk": "3.3.0"
      }
    },
    "monorepo-helper": {
      "version": "0.1.4",
      "resolved": "https://registry.npmjs.org/monorepo-helper/-/monorepo-helper-0.1.4.tgz",
      "integrity": "sha512-+YxyqfVDbZgO99+Xtbrp6d8KqQ6bVie3HXYYjCS30sI+E7DFZsPUQPiIIzjIaI/WoLDCBe0iV4IjTDu47+RYCg==",
      "requires": {
        "childprocess-helper": "0.1.1",
        "debug": "3.1.0",
        "fs-extra": "4.0.2",
        "is-builtin-module": "1.0.0",
        "json-stringify-pretty-compact": "1.0.4",
        "precinct": "3.8.0"
      }
    },
    "ms": {
      "version": "2.0.0",
      "resolved": "https://registry.npmjs.org/ms/-/ms-2.0.0.tgz",
      "integrity": "sha1-VgiurfwAvmwpAd9fmGF4jeDVl8g="
    },
    "node-source-walk": {
      "version": "3.3.0",
      "resolved": "https://registry.npmjs.org/node-source-walk/-/node-source-walk-3.3.0.tgz",
      "integrity": "sha1-rRjjW/2z0Lb34OSv8eePhGo7iHM=",
      "requires": {
        "babylon": "6.18.0"
      }
    },
    "object-assign": {
      "version": "4.1.1",
      "resolved": "https://registry.npmjs.org/object-assign/-/object-assign-4.1.1.tgz",
      "integrity": "sha1-IQmtx5ZYh8/AXLvUQsrIv7s2CGM="
    },
    "optionator": {
      "version": "0.8.2",
      "resolved": "https://registry.npmjs.org/optionator/-/optionator-0.8.2.tgz",
      "integrity": "sha1-NkxeQJ0/TWMB1sC0wFu6UBgK62Q=",
      "requires": {
        "deep-is": "0.1.3",
        "fast-levenshtein": "2.0.6",
        "levn": "0.3.0",
        "prelude-ls": "1.1.2",
        "type-check": "0.3.2",
        "wordwrap": "1.0.0"
      }
    },
    "precinct": {
      "version": "3.8.0",
      "resolved": "https://registry.npmjs.org/precinct/-/precinct-3.8.0.tgz",
      "integrity": "sha1-JZqUkKhUd6HyaYn73y+ybETyR1o=",
      "requires": {
        "commander": "2.11.0",
        "debug": "3.1.0",
        "detective-amd": "2.4.0",
        "detective-cjs": "2.0.0",
        "detective-es6": "1.2.0",
        "detective-less": "1.0.0",
        "detective-sass": "2.0.1",
        "detective-scss": "1.0.1",
        "detective-stylus": "1.0.0",
        "detective-typescript": "1.0.1",
        "module-definition": "2.2.4",
        "node-source-walk": "3.3.0"
      }
    },
    "prelude-ls": {
      "version": "1.1.2",
      "resolved": "https://registry.npmjs.org/prelude-ls/-/prelude-ls-1.1.2.tgz",
      "integrity": "sha1-IZMqVJ9eUv/ZqCf1cOBL5iqX2lQ="
    },
    "pseudomap": {
      "version": "1.0.2",
      "resolved": "https://registry.npmjs.org/pseudomap/-/pseudomap-1.0.2.tgz",
      "integrity": "sha1-8FKijacOYYkX7wqKw0wa5aaChrM="
    },
    "regenerator-runtime": {
      "version": "0.11.0",
      "resolved": "https://registry.npmjs.org/regenerator-runtime/-/regenerator-runtime-0.11.0.tgz",
      "integrity": "sha512-/aA0kLeRb5N9K0d4fw7ooEbI+xDe+DKD499EQqygGqeS8N3xto15p09uY2xj7ixP81sNPXvRLnAQIqdVStgb1A=="
    },
    "shebang-command": {
      "version": "1.2.0",
      "resolved": "https://registry.npmjs.org/shebang-command/-/shebang-command-1.2.0.tgz",
      "integrity": "sha1-RKrGW2lbAzmJaMOfNj/uXer98eo=",
      "requires": {
        "shebang-regex": "1.0.0"
      }
    },
    "shebang-regex": {
      "version": "1.0.0",
      "resolved": "https://registry.npmjs.org/shebang-regex/-/shebang-regex-1.0.0.tgz",
      "integrity": "sha1-2kL0l0DAtC2yypcoVxyxkMmO/qM="
    },
    "source-map": {
      "version": "0.5.7",
      "resolved": "https://registry.npmjs.org/source-map/-/source-map-0.5.7.tgz",
      "integrity": "sha1-igOdLRAh0i0eoUyA2OpGi6LvP8w=",
      "optional": true
    },
    "type-check": {
      "version": "0.3.2",
      "resolved": "https://registry.npmjs.org/type-check/-/type-check-0.3.2.tgz",
      "integrity": "sha1-WITKtRLPHTVeP7eE8wgEsrUg23I=",
      "requires": {
        "prelude-ls": "1.1.2"
      }
    },
    "typescript": {
      "version": "2.0.10",
      "resolved": "https://registry.npmjs.org/typescript/-/typescript-2.0.10.tgz",
      "integrity": "sha1-zN1O2G/VVQpAcQGggUAS4bP6w90="
    },
    "typescript-eslint-parser": {
      "version": "1.0.2",
      "resolved": "https://registry.npmjs.org/typescript-eslint-parser/-/typescript-eslint-parser-1.0.2.tgz",
      "integrity": "sha1-/Sq6zy7j2Tgqs+RJyHYra+rk0Nc=",
      "requires": {
        "lodash.unescape": "4.0.0",
        "object-assign": "4.1.1"
      }
    },
    "universalify": {
      "version": "0.1.1",
      "resolved": "https://registry.npmjs.org/universalify/-/universalify-0.1.1.tgz",
      "integrity": "sha1-+nG63UQ3r0wUiEHjs7Fl+enlkLc="
    },
    "which": {
      "version": "1.3.0",
      "resolved": "https://registry.npmjs.org/which/-/which-1.3.0.tgz",
      "integrity": "sha512-xcJpopdamTuY5duC/KnTTNBraPK54YwpenP4lzxU8H91GudWpFv38u0CKjclE1Wi2EH2EDz5LRcHcKbCIzqGyg==",
      "requires": {
        "isexe": "2.0.0"
      }
    },
    "wordwrap": {
      "version": "1.0.0",
      "resolved": "https://registry.npmjs.org/wordwrap/-/wordwrap-1.0.0.tgz",
      "integrity": "sha1-J1hIEIkUVqQXHI0CJkQa3pDLyus="
    },
    "yallist": {
      "version": "2.1.2",
      "resolved": "https://registry.npmjs.org/yallist/-/yallist-2.1.2.tgz",
      "integrity": "sha1-HBH5IY8HYImkfdUS+TxmmaaoHVI="
    }
  }
}
